
Microsoft Visual Studio Solution File, Format Version 12.00
# Visual Studio 14
VisualStudioVersion = 14.0.25123.0
MinimumVisualStudioVersion = 10.0.40219.1
Project("{FAE04EC0-301F-11D3-BF4B-00C04F79EFBC}") = "WebMVCApp1", "WebMVCApp1\WebMVCApp1.csproj", "{995D9E4C-379E-4DFA-A3D0-B2C9456B65DF}"
EndProject
Global
	GlobalSection(SolutionConfigurationPlatforms) = preSolution
		Debug|Any CPU = Debug|Any CPU
		Release|Any CPU = Release|Any CPU
	EndGlobalSection
	GlobalSection(ProjectConfigurationPlatforms) = postSolution
		{995D9E4C-379E-4DFA-A3D0-B2C9456B65DF}.Debug|Any CPU.ActiveCfg = Debug|Any CPU
		{995D9E4C-379E-4DFA-A3D0-B2C9456B65DF}.Debug|Any CPU.Build.0 = Debug|Any CPU
		{995D9E4C-379E-4DFA-A3D0-B2C9456B65DF}.Release|Any CPU.ActiveCfg = Release|Any CPU
		{995D9E4C-379E-4DFA-A3D0-B2C9456B65DF}.Release|Any CPU.Build.0 = Release|Any CPU
	EndGlobalSection
	GlobalSection(SolutionProperties) = preSolution
		HideSolutionNode = FALSE
	EndGlobalSection
	GlobalSection(TeamFoundationVersionControl) = preSolution
		SccNumberOfProjects = 2
		SccEnterpriseProvider = {4CA58AB2-18FA-4F8D-95D4-32DDF27D184C}
		SccTeamFoundationServer = https://vivianli-newsignature1.visualstudio.com/
		SccLocalPath0 = .
		SccProjectUniqueName1 = WebMVCApp1\\WebMVCApp1.csproj
		SccProjectName1 = WebMVCApp1
		SccLocalPath1 = WebMVCApp1
	EndGlobalSection
EndGlobal
